
Microsoft Visual Studio Solution File, Format Version 12.00
# Visual Studio Version 17
VisualStudioVersion = 17.5.33516.290
MinimumVisualStudioVersion = 10.0.40219.1
Project("{8BC9CEB8-8B4A-11D0-8D11-00A0C91BC942}") = "ClaseNombre", "ClaseNombre\ClaseNombre.vcxproj", "{BE7CD437-2071-4888-8E79-424668C1D211}"
EndProject
Global
	GlobalSection(SolutionConfigurationPlatforms) = preSolution
		Debug|x64 = Debug|x64
		Debug|x86 = Debug|x86
		Release|x64 = Release|x64
		Release|x86 = Release|x86
	EndGlobalSection
	GlobalSection(ProjectConfigurationPlatforms) = postSolution
		{BE7CD437-2071-4888-8E79-424668C1D211}.Debug|x64.ActiveCfg = Debug|x64
		{BE7CD437-2071-4888-8E79-424668C1D211}.Debug|x64.Build.0 = Debug|x64
		{BE7CD437-2071-4888-8E79-424668C1D211}.Debug|x86.ActiveCfg = Debug|Win32
		{BE7CD437-2071-4888-8E79-424668C1D211}.Debug|x86.Build.0 = Debug|Win32
		{BE7CD437-2071-4888-8E79-424668C1D211}.Release|x64.ActiveCfg = Release|x64
		{BE7CD437-2071-4888-8E79-424668C1D211}.Release|x64.Build.0 = Release|x64
		{BE7CD437-2071-4888-8E79-424668C1D211}.Release|x86.ActiveCfg = Release|Win32
		{BE7CD437-2071-4888-8E79-424668C1D211}.Release|x86.Build.0 = Release|Win32
	EndGlobalSection
	GlobalSection(SolutionProperties) = preSolution
		HideSolutionNode = FALSE
	EndGlobalSection
	GlobalSection(ExtensibilityGlobals) = postSolution
		SolutionGuid = {E12639C9-908A-40C1-8240-2575D35AEE74}
	EndGlobalSection
EndGlobal
